
Microsoft Visual Studio Solution File, Format Version 12.00
# Visual Studio 15
VisualStudioVersion = 15.0.28307.421
MinimumVisualStudioVersion = 10.0.40219.1
Project("{FAE04EC0-301F-11D3-BF4B-00C04F79EFBC}") = "WingtipToys", "WingtipToys\WingtipToys.csproj", "{DCC58FD3-4DB0-40A2-ADD9-012667465B3B}"
EndProject
Global
	GlobalSection(SolutionConfigurationPlatforms) = preSolution
		Debug|Any CPU = Debug|Any CPU
		Release|Any CPU = Release|Any CPU
	EndGlobalSection
	GlobalSection(ProjectConfigurationPlatforms) = postSolution
		{DCC58FD3-4DB0-40A2-ADD9-012667465B3B}.Debug|Any CPU.ActiveCfg = Debug|Any CPU
		{DCC58FD3-4DB0-40A2-ADD9-012667465B3B}.Debug|Any CPU.Build.0 = Debug|Any CPU
		{DCC58FD3-4DB0-40A2-ADD9-012667465B3B}.Release|Any CPU.ActiveCfg = Release|Any CPU
		{DCC58FD3-4DB0-40A2-ADD9-012667465B3B}.Release|Any CPU.Build.0 = Release|Any CPU
	EndGlobalSection
	GlobalSection(SolutionProperties) = preSolution
		HideSolutionNode = FALSE
	EndGlobalSection
	GlobalSection(ExtensibilityGlobals) = postSolution
		SolutionGuid = {04CCBD0B-6E17-48EE-AAC0-A17B83F9D1F3}
	EndGlobalSection
EndGlobal
